
Microsoft Visual Studio Solution File, Format Version 12.00
# Visual Studio 15
VisualStudioVersion = 15.0.26730.8
MinimumVisualStudioVersion = 10.0.40219.1
Project("{FAE04EC0-301F-11D3-BF4B-00C04F79EFBC}") = "YTDownloader", "YTDownloader\YTDownloader.csproj", "{008FC352-3549-4861-B52A-9B994D269935}"
EndProject
Global
	GlobalSection(SolutionConfigurationPlatforms) = preSolution
		Debug|Any CPU = Debug|Any CPU
		Release|Any CPU = Release|Any CPU
	EndGlobalSection
	GlobalSection(ProjectConfigurationPlatforms) = postSolution
		{008FC352-3549-4861-B52A-9B994D269935}.Debug|Any CPU.ActiveCfg = Debug|Any CPU
		{008FC352-3549-4861-B52A-9B994D269935}.Debug|Any CPU.Build.0 = Debug|Any CPU
		{008FC352-3549-4861-B52A-9B994D269935}.Release|Any CPU.ActiveCfg = Release|Any CPU
		{008FC352-3549-4861-B52A-9B994D269935}.Release|Any CPU.Build.0 = Release|Any CPU
	EndGlobalSection
	GlobalSection(SolutionProperties) = preSolution
		HideSolutionNode = FALSE
	EndGlobalSection
	GlobalSection(ExtensibilityGlobals) = postSolution
		SolutionGuid = {3B8D7F32-689C-43F7-8478-044534C4D187}
	EndGlobalSection
EndGlobal
